// !$*UTF8*$!
{
	archiveVersion = 1;
	classes = {
	};
	objectVersion = 55;
	objects = {

/* Begin PBXBuildFile section */
		69638E2628BDE9D8005D5E9D /* SearchListItemCell.xib in Resources */ = {isa = PBXBuildFile; fileRef = 69638E2528BDE9D8005D5E9D /* SearchListItemCell.xib */; };
		69638E2828BDEDBF005D5E9D /* ArtworkImageRepositoryProtocol.swift in Sources */ = {isa = PBXBuildFile; fileRef = 69638E2728BDEDBF005D5E9D /* ArtworkImageRepositoryProtocol.swift */; };
		69638E2A28BDEFC7005D5E9D /* ImagesRepository.swift in Sources */ = {isa = PBXBuildFile; fileRef = 69638E2928BDEFC7005D5E9D /* ImagesRepository.swift */; };
		7B0C2A7828BD265700BC95A8 /* NetworkService.swift in Sources */ = {isa = PBXBuildFile; fileRef = 7B0C2A7728BD265700BC95A8 /* NetworkService.swift */; };
		7B0C2A8028BD290600BC95A8 /* RESTfulRockTracksTests.swift in Sources */ = {isa = PBXBuildFile; fileRef = 7B0C2A7F28BD290600BC95A8 /* RESTfulRockTracksTests.swift */; };
		7B0C2A8728BD292600BC95A8 /* NetworkServiceTests.swift in Sources */ = {isa = PBXBuildFile; fileRef = 7B0C2A8628BD292600BC95A8 /* NetworkServiceTests.swift */; };
		7B0C2A8928BD2A0800BC95A8 /* NetworkRequestPerformer.swift in Sources */ = {isa = PBXBuildFile; fileRef = 7B0C2A8828BD2A0800BC95A8 /* NetworkRequestPerformer.swift */; };
		7B0C2A8B28BD2B0000BC95A8 /* NetworkRequestPerformerTests.swift in Sources */ = {isa = PBXBuildFile; fileRef = 7B0C2A8A28BD2B0000BC95A8 /* NetworkRequestPerformerTests.swift */; };
		7B0C2A8E28BD2B3900BC95A8 /* NetworkServiceMock.swift in Sources */ = {isa = PBXBuildFile; fileRef = 7B0C2A8D28BD2B3900BC95A8 /* NetworkServiceMock.swift */; };
		7B0C2A9028BD2B8100BC95A8 /* NetworkRequestPerformerMock.swift in Sources */ = {isa = PBXBuildFile; fileRef = 7B0C2A8F28BD2B8100BC95A8 /* NetworkRequestPerformerMock.swift */; };
		7B0C2A9A28BD2EE800BC95A8 /* ResponseDecoderTests.swift in Sources */ = {isa = PBXBuildFile; fileRef = 7B0C2A9928BD2EE800BC95A8 /* ResponseDecoderTests.swift */; };
		7B0C2A9F28BD2F6F00BC95A8 /* ResponseDecoders.swift in Sources */ = {isa = PBXBuildFile; fileRef = 7B0C2A9E28BD2F6F00BC95A8 /* ResponseDecoders.swift */; };
		7B0C2AA128BD2FED00BC95A8 /* DataTransferServiceTests.swift in Sources */ = {isa = PBXBuildFile; fileRef = 7B0C2AA028BD2FED00BC95A8 /* DataTransferServiceTests.swift */; };
		7B0C2AA328BD300000BC95A8 /* DataTransferService.swift in Sources */ = {isa = PBXBuildFile; fileRef = 7B0C2AA228BD300000BC95A8 /* DataTransferService.swift */; };
		7B0C2AA528BD309600BC95A8 /* DomainEntityMock.swift in Sources */ = {isa = PBXBuildFile; fileRef = 7B0C2AA428BD309600BC95A8 /* DomainEntityMock.swift */; };
		7B0C2AA728BD310400BC95A8 /* ResponseDTOMock+Mapping.swift in Sources */ = {isa = PBXBuildFile; fileRef = 7B0C2AA628BD310400BC95A8 /* ResponseDTOMock+Mapping.swift */; };
		7B0C2AAA28BD366500BC95A8 /* SearchResult.swift in Sources */ = {isa = PBXBuildFile; fileRef = 7B0C2AA928BD366500BC95A8 /* SearchResult.swift */; };
		7B0C2AAD28BD36B700BC95A8 /* SearchResultsResponseDTO.swift in Sources */ = {isa = PBXBuildFile; fileRef = 7B0C2AAC28BD36B700BC95A8 /* SearchResultsResponseDTO.swift */; };
		7B0C2AB028BD3B7000BC95A8 /* SearchResultsRepositoryProtocol.swift in Sources */ = {isa = PBXBuildFile; fileRef = 7B0C2AAF28BD3B7000BC95A8 /* SearchResultsRepositoryProtocol.swift */; };
		7B0C2AB328BD3BBB00BC95A8 /* SearchResultsRepository.swift in Sources */ = {isa = PBXBuildFile; fileRef = 7B0C2AB228BD3BBB00BC95A8 /* SearchResultsRepository.swift */; };
		7B0C2AB628BD3CBB00BC95A8 /* SearchResultsRepositoryTests.swift in Sources */ = {isa = PBXBuildFile; fileRef = 7B0C2AB528BD3CBB00BC95A8 /* SearchResultsRepositoryTests.swift */; };
		7B0C2AB828BD3D0100BC95A8 /* SearchResultsDataTransferServiceMock.swift in Sources */ = {isa = PBXBuildFile; fileRef = 7B0C2AB728BD3D0100BC95A8 /* SearchResultsDataTransferServiceMock.swift */; };
		7B0C2ABB28BD414400BC95A8 /* SearchResultsUseCase.swift in Sources */ = {isa = PBXBuildFile; fileRef = 7B0C2ABA28BD414400BC95A8 /* SearchResultsUseCase.swift */; };
		7B0C2ABE28BD416C00BC95A8 /* GetSearchResultsUseCaseTests.swift in Sources */ = {isa = PBXBuildFile; fileRef = 7B0C2ABD28BD416C00BC95A8 /* GetSearchResultsUseCaseTests.swift */; };
		7B0C2AC028BD423E00BC95A8 /* SearchResultsRepositoryMock.swift in Sources */ = {isa = PBXBuildFile; fileRef = 7B0C2ABF28BD423E00BC95A8 /* SearchResultsRepositoryMock.swift */; };
		7B0C2AC228BD4DA600BC95A8 /* SearchListTableViewModel.swift in Sources */ = {isa = PBXBuildFile; fileRef = 7B0C2AC128BD4DA600BC95A8 /* SearchListTableViewModel.swift */; };
		7B0C2ACB28BD534D00BC95A8 /* SearchListViewModelTests.swift in Sources */ = {isa = PBXBuildFile; fileRef = 7B0C2ACA28BD534D00BC95A8 /* SearchListViewModelTests.swift */; };
		7B0C2ACE28BD592000BC95A8 /* AppDependencyInjectionContainer.swift in Sources */ = {isa = PBXBuildFile; fileRef = 7B0C2ACD28BD592000BC95A8 /* AppDependencyInjectionContainer.swift */; };
		7B0C2AD028BD5B0900BC95A8 /* AppFlowCoordinator.swift in Sources */ = {isa = PBXBuildFile; fileRef = 7B0C2ACF28BD5B0900BC95A8 /* AppFlowCoordinator.swift */; };
		7B0C2AD228BD5C5B00BC95A8 /* SearchSceneDependencyInjectionContainer.swift in Sources */ = {isa = PBXBuildFile; fileRef = 7B0C2AD128BD5C5B00BC95A8 /* SearchSceneDependencyInjectionContainer.swift */; };
		7B0C2AD528BD5DD800BC95A8 /* StoryboardInstantiable.swift in Sources */ = {isa = PBXBuildFile; fileRef = 7B0C2AD428BD5DD800BC95A8 /* StoryboardInstantiable.swift */; };
		7B0C2AD828BD60C200BC95A8 /* SearchListFlowCoordinator.swift in Sources */ = {isa = PBXBuildFile; fileRef = 7B0C2AD728BD60C200BC95A8 /* SearchListFlowCoordinator.swift */; };
		7B0C2ADD28BD7AF600BC95A8 /* SearchListItemCell.swift in Sources */ = {isa = PBXBuildFile; fileRef = 7B0C2ADC28BD7AF600BC95A8 /* SearchListItemCell.swift */; };
		7B0C2ADF28BD806500BC95A8 /* SearchListItemViewModel.swift in Sources */ = {isa = PBXBuildFile; fileRef = 7B0C2ADE28BD806500BC95A8 /* SearchListItemViewModel.swift */; };
		7B3AD93428B7EB0D00B69081 /* AppDelegate.swift in Sources */ = {isa = PBXBuildFile; fileRef = 7B3AD93328B7EB0D00B69081 /* AppDelegate.swift */; };
		7B3AD93628B7EB0D00B69081 /* SceneDelegate.swift in Sources */ = {isa = PBXBuildFile; fileRef = 7B3AD93528B7EB0D00B69081 /* SceneDelegate.swift */; };
		7B3AD93828B7EB0D00B69081 /* SearchListTableViewController.swift in Sources */ = {isa = PBXBuildFile; fileRef = 7B3AD93728B7EB0D00B69081 /* SearchListTableViewController.swift */; };
		7B3AD93B28B7EB0D00B69081 /* SearchListTableViewController.storyboard in Resources */ = {isa = PBXBuildFile; fileRef = 7B3AD93928B7EB0D00B69081 /* SearchListTableViewController.storyboard */; };
		7B3AD93E28B7EB0D00B69081 /* CoreDataStorage.xcdatamodeld in Sources */ = {isa = PBXBuildFile; fileRef = 7B3AD93C28B7EB0D00B69081 /* CoreDataStorage.xcdatamodeld */; };
		7B3AD94028B7EB0E00B69081 /* Assets.xcassets in Resources */ = {isa = PBXBuildFile; fileRef = 7B3AD93F28B7EB0E00B69081 /* Assets.xcassets */; };
		7B3AD94328B7EB0E00B69081 /* LaunchScreen.storyboard in Resources */ = {isa = PBXBuildFile; fileRef = 7B3AD94128B7EB0E00B69081 /* LaunchScreen.storyboard */; };
/* End PBXBuildFile section */

/* Begin PBXContainerItemProxy section */
		7B0C2A8128BD290600BC95A8 /* PBXContainerItemProxy */ = {
			isa = PBXContainerItemProxy;
			containerPortal = 7B3AD92828B7EB0D00B69081 /* Project object */;
			proxyType = 1;
			remoteGlobalIDString = 7B3AD92F28B7EB0D00B69081;
			remoteInfo = RESTfulRockTracks;
		};
/* End PBXContainerItemProxy section */

/* Begin PBXFileReference section */
		69638E2528BDE9D8005D5E9D /* SearchListItemCell.xib */ = {isa = PBXFileReference; lastKnownFileType = file.xib; path = SearchListItemCell.xib; sourceTree = "<group>"; };
		69638E2728BDEDBF005D5E9D /* ArtworkImageRepositoryProtocol.swift */ = {isa = PBXFileReference; lastKnownFileType = sourcecode.swift; path = ArtworkImageRepositoryProtocol.swift; sourceTree = "<group>"; };
		69638E2928BDEFC7005D5E9D /* ImagesRepository.swift */ = {isa = PBXFileReference; lastKnownFileType = sourcecode.swift; path = ImagesRepository.swift; sourceTree = "<group>"; };
		7B0C2A7728BD265700BC95A8 /* NetworkService.swift */ = {isa = PBXFileReference; lastKnownFileType = sourcecode.swift; path = NetworkService.swift; sourceTree = "<group>"; };
		7B0C2A7D28BD290600BC95A8 /* RESTfulRockTracksTests.xctest */ = {isa = PBXFileReference; explicitFileType = wrapper.cfbundle; includeInIndex = 0; path = RESTfulRockTracksTests.xctest; sourceTree = BUILT_PRODUCTS_DIR; };
		7B0C2A7F28BD290600BC95A8 /* RESTfulRockTracksTests.swift */ = {isa = PBXFileReference; lastKnownFileType = sourcecode.swift; path = RESTfulRockTracksTests.swift; sourceTree = "<group>"; };
		7B0C2A8628BD292600BC95A8 /* NetworkServiceTests.swift */ = {isa = PBXFileReference; lastKnownFileType = sourcecode.swift; path = NetworkServiceTests.swift; sourceTree = "<group>"; };
		7B0C2A8828BD2A0800BC95A8 /* NetworkRequestPerformer.swift */ = {isa = PBXFileReference; lastKnownFileType = sourcecode.swift; path = NetworkRequestPerformer.swift; sourceTree = "<group>"; };
		7B0C2A8A28BD2B0000BC95A8 /* NetworkRequestPerformerTests.swift */ = {isa = PBXFileReference; lastKnownFileType = sourcecode.swift; path = NetworkRequestPerformerTests.swift; sourceTree = "<group>"; };
		7B0C2A8D28BD2B3900BC95A8 /* NetworkServiceMock.swift */ = {isa = PBXFileReference; lastKnownFileType = sourcecode.swift; path = NetworkServiceMock.swift; sourceTree = "<group>"; };
		7B0C2A8F28BD2B8100BC95A8 /* NetworkRequestPerformerMock.swift */ = {isa = PBXFileReference; lastKnownFileType = sourcecode.swift; path = NetworkRequestPerformerMock.swift; sourceTree = "<group>"; };
		7B0C2A9928BD2EE800BC95A8 /* ResponseDecoderTests.swift */ = {isa = PBXFileReference; lastKnownFileType = sourcecode.swift; path = ResponseDecoderTests.swift; sourceTree = "<group>"; };
		7B0C2A9E28BD2F6F00BC95A8 /* ResponseDecoders.swift */ = {isa = PBXFileReference; lastKnownFileType = sourcecode.swift; path = ResponseDecoders.swift; sourceTree = "<group>"; };
		7B0C2AA028BD2FED00BC95A8 /* DataTransferServiceTests.swift */ = {isa = PBXFileReference; lastKnownFileType = sourcecode.swift; path = DataTransferServiceTests.swift; sourceTree = "<group>"; };
		7B0C2AA228BD300000BC95A8 /* DataTransferService.swift */ = {isa = PBXFileReference; lastKnownFileType = sourcecode.swift; path = DataTransferService.swift; sourceTree = "<group>"; };
		7B0C2AA428BD309600BC95A8 /* DomainEntityMock.swift */ = {isa = PBXFileReference; lastKnownFileType = sourcecode.swift; path = DomainEntityMock.swift; sourceTree = "<group>"; };
		7B0C2AA628BD310400BC95A8 /* ResponseDTOMock+Mapping.swift */ = {isa = PBXFileReference; lastKnownFileType = sourcecode.swift; path = "ResponseDTOMock+Mapping.swift"; sourceTree = "<group>"; };
		7B0C2AA928BD366500BC95A8 /* SearchResult.swift */ = {isa = PBXFileReference; lastKnownFileType = sourcecode.swift; path = SearchResult.swift; sourceTree = "<group>"; };
		7B0C2AAC28BD36B700BC95A8 /* SearchResultsResponseDTO.swift */ = {isa = PBXFileReference; lastKnownFileType = sourcecode.swift; path = SearchResultsResponseDTO.swift; sourceTree = "<group>"; };
		7B0C2AAF28BD3B7000BC95A8 /* SearchResultsRepositoryProtocol.swift */ = {isa = PBXFileReference; lastKnownFileType = sourcecode.swift; path = SearchResultsRepositoryProtocol.swift; sourceTree = "<group>"; };
		7B0C2AB228BD3BBB00BC95A8 /* SearchResultsRepository.swift */ = {isa = PBXFileReference; lastKnownFileType = sourcecode.swift; path = SearchResultsRepository.swift; sourceTree = "<group>"; };
		7B0C2AB528BD3CBB00BC95A8 /* SearchResultsRepositoryTests.swift */ = {isa = PBXFileReference; lastKnownFileType = sourcecode.swift; path = SearchResultsRepositoryTests.swift; sourceTree = "<group>"; };
		7B0C2AB728BD3D0100BC95A8 /* SearchResultsDataTransferServiceMock.swift */ = {isa = PBXFileReference; lastKnownFileType = sourcecode.swift; path = SearchResultsDataTransferServiceMock.swift; sourceTree = "<group>"; };
		7B0C2ABA28BD414400BC95A8 /* SearchResultsUseCase.swift */ = {isa = PBXFileReference; lastKnownFileType = sourcecode.swift; path = SearchResultsUseCase.swift; sourceTree = "<group>"; };
		7B0C2ABD28BD416C00BC95A8 /* GetSearchResultsUseCaseTests.swift */ = {isa = PBXFileReference; lastKnownFileType = sourcecode.swift; path = GetSearchResultsUseCaseTests.swift; sourceTree = "<group>"; };
		7B0C2ABF28BD423E00BC95A8 /* SearchResultsRepositoryMock.swift */ = {isa = PBXFileReference; lastKnownFileType = sourcecode.swift; path = SearchResultsRepositoryMock.swift; sourceTree = "<group>"; };
		7B0C2AC128BD4DA600BC95A8 /* SearchListTableViewModel.swift */ = {isa = PBXFileReference; lastKnownFileType = sourcecode.swift; path = SearchListTableViewModel.swift; sourceTree = "<group>"; };
		7B0C2ACA28BD534D00BC95A8 /* SearchListViewModelTests.swift */ = {isa = PBXFileReference; lastKnownFileType = sourcecode.swift; path = SearchListViewModelTests.swift; sourceTree = "<group>"; };
		7B0C2ACD28BD592000BC95A8 /* AppDependencyInjectionContainer.swift */ = {isa = PBXFileReference; lastKnownFileType = sourcecode.swift; path = AppDependencyInjectionContainer.swift; sourceTree = "<group>"; };
		7B0C2ACF28BD5B0900BC95A8 /* AppFlowCoordinator.swift */ = {isa = PBXFileReference; lastKnownFileType = sourcecode.swift; path = AppFlowCoordinator.swift; sourceTree = "<group>"; };
		7B0C2AD128BD5C5B00BC95A8 /* SearchSceneDependencyInjectionContainer.swift */ = {isa = PBXFileReference; lastKnownFileType = sourcecode.swift; path = SearchSceneDependencyInjectionContainer.swift; sourceTree = "<group>"; };
		7B0C2AD428BD5DD800BC95A8 /* StoryboardInstantiable.swift */ = {isa = PBXFileReference; lastKnownFileType = sourcecode.swift; path = StoryboardInstantiable.swift; sourceTree = "<group>"; };
		7B0C2AD728BD60C200BC95A8 /* SearchListFlowCoordinator.swift */ = {isa = PBXFileReference; lastKnownFileType = sourcecode.swift; path = SearchListFlowCoordinator.swift; sourceTree = "<group>"; };
		7B0C2ADC28BD7AF600BC95A8 /* SearchListItemCell.swift */ = {isa = PBXFileReference; lastKnownFileType = sourcecode.swift; path = SearchListItemCell.swift; sourceTree = "<group>"; };
		7B0C2ADE28BD806500BC95A8 /* SearchListItemViewModel.swift */ = {isa = PBXFileReference; lastKnownFileType = sourcecode.swift; path = SearchListItemViewModel.swift; sourceTree = "<group>"; };
		7B3AD93028B7EB0D00B69081 /* RESTfulRockTracks.app */ = {isa = PBXFileReference; explicitFileType = wrapper.application; includeInIndex = 0; path = RESTfulRockTracks.app; sourceTree = BUILT_PRODUCTS_DIR; };
		7B3AD93328B7EB0D00B69081 /* AppDelegate.swift */ = {isa = PBXFileReference; lastKnownFileType = sourcecode.swift; path = AppDelegate.swift; sourceTree = "<group>"; };
		7B3AD93528B7EB0D00B69081 /* SceneDelegate.swift */ = {isa = PBXFileReference; lastKnownFileType = sourcecode.swift; path = SceneDelegate.swift; sourceTree = "<group>"; };
		7B3AD93728B7EB0D00B69081 /* SearchListTableViewController.swift */ = {isa = PBXFileReference; lastKnownFileType = sourcecode.swift; path = SearchListTableViewController.swift; sourceTree = "<group>"; };
		7B3AD93A28B7EB0D00B69081 /* Base */ = {isa = PBXFileReference; lastKnownFileType = file.storyboard; name = Base; path = Base.lproj/SearchListTableViewController.storyboard; sourceTree = "<group>"; };
		7B3AD93D28B7EB0D00B69081 /* RESTfulRockTracks.xcdatamodel */ = {isa = PBXFileReference; lastKnownFileType = wrapper.xcdatamodel; path = RESTfulRockTracks.xcdatamodel; sourceTree = "<group>"; };
		7B3AD93F28B7EB0E00B69081 /* Assets.xcassets */ = {isa = PBXFileReference; lastKnownFileType = folder.assetcatalog; path = Assets.xcassets; sourceTree = "<group>"; };
		7B3AD94228B7EB0E00B69081 /* Base */ = {isa = PBXFileReference; lastKnownFileType = file.storyboard; name = Base; path = Base.lproj/LaunchScreen.storyboard; sourceTree = "<group>"; };
		7B3AD94428B7EB0E00B69081 /* Info.plist */ = {isa = PBXFileReference; lastKnownFileType = text.plist.xml; path = Info.plist; sourceTree = "<group>"; };
/* End PBXFileReference section */

/* Begin PBXFrameworksBuildPhase section */
		7B0C2A7A28BD290600BC95A8 /* Frameworks */ = {
			isa = PBXFrameworksBuildPhase;
			buildActionMask = 2147483647;
			files = (
			);
			runOnlyForDeploymentPostprocessing = 0;
		};
		7B3AD92D28B7EB0D00B69081 /* Frameworks */ = {
			isa = PBXFrameworksBuildPhase;
			buildActionMask = 2147483647;
			files = (
			);
			runOnlyForDeploymentPostprocessing = 0;
		};
/* End PBXFrameworksBuildPhase section */

/* Begin PBXGroup section */
		7B0C2A7328BD25B300BC95A8 /* Domain */ = {
			isa = PBXGroup;
			children = (
				7B0C2ABC28BD416200BC95A8 /* UseCases */,
			);
			path = Domain;
			sourceTree = "<group>";
		};
		7B0C2A7428BD25B900BC95A8 /* Data */ = {
			isa = PBXGroup;
			children = (
				7B0C2AB428BD3CAE00BC95A8 /* Repositories */,
				7B0C2A7628BD261700BC95A8 /* Network */,
			);
			path = Data;
			sourceTree = "<group>";
		};
		7B0C2A7528BD260700BC95A8 /* Network */ = {
			isa = PBXGroup;
			children = (
				7B0C2AAB28BD368F00BC95A8 /* Mapping */,
				7B0C2A9B28BD2F5E00BC95A8 /* DataTransferService */,
				7B0C2A7728BD265700BC95A8 /* NetworkService.swift */,
				7B0C2A8828BD2A0800BC95A8 /* NetworkRequestPerformer.swift */,
			);
			path = Network;
			sourceTree = "<group>";
		};
		7B0C2A7628BD261700BC95A8 /* Network */ = {
			isa = PBXGroup;
			children = (
				7B0C2A9628BD2ECA00BC95A8 /* DataTransferService */,
				7B0C2A8628BD292600BC95A8 /* NetworkServiceTests.swift */,
				7B0C2A8A28BD2B0000BC95A8 /* NetworkRequestPerformerTests.swift */,
			);
			path = Network;
			sourceTree = "<group>";
		};
		7B0C2A7E28BD290600BC95A8 /* RESTfulRockTracksTests */ = {
			isa = PBXGroup;
			children = (
				7B0C2A8C28BD2B2000BC95A8 /* Mocks */,
				7B0C2AC628BD532D00BC95A8 /* Presentation */,
				7B0C2A7328BD25B300BC95A8 /* Domain */,
				7B0C2A7428BD25B900BC95A8 /* Data */,
				7B0C2A7F28BD290600BC95A8 /* RESTfulRockTracksTests.swift */,
			);
			path = RESTfulRockTracksTests;
			sourceTree = "<group>";
		};
		7B0C2A8C28BD2B2000BC95A8 /* Mocks */ = {
			isa = PBXGroup;
			children = (
				7B0C2A8D28BD2B3900BC95A8 /* NetworkServiceMock.swift */,
				7B0C2A8F28BD2B8100BC95A8 /* NetworkRequestPerformerMock.swift */,
				7B0C2AA428BD309600BC95A8 /* DomainEntityMock.swift */,
				7B0C2AA628BD310400BC95A8 /* ResponseDTOMock+Mapping.swift */,
				7B0C2AB728BD3D0100BC95A8 /* SearchResultsDataTransferServiceMock.swift */,
				7B0C2ABF28BD423E00BC95A8 /* SearchResultsRepositoryMock.swift */,
			);
			path = Mocks;
			sourceTree = "<group>";
		};
		7B0C2A9628BD2ECA00BC95A8 /* DataTransferService */ = {
			isa = PBXGroup;
			children = (
				7B0C2A9928BD2EE800BC95A8 /* ResponseDecoderTests.swift */,
				7B0C2AA028BD2FED00BC95A8 /* DataTransferServiceTests.swift */,
			);
			path = DataTransferService;
			sourceTree = "<group>";
		};
		7B0C2A9B28BD2F5E00BC95A8 /* DataTransferService */ = {
			isa = PBXGroup;
			children = (
				7B0C2AA228BD300000BC95A8 /* DataTransferService.swift */,
				7B0C2A9E28BD2F6F00BC95A8 /* ResponseDecoders.swift */,
			);
			path = DataTransferService;
			sourceTree = "<group>";
		};
		7B0C2AA828BD365B00BC95A8 /* Entities */ = {
			isa = PBXGroup;
			children = (
				7B0C2AA928BD366500BC95A8 /* SearchResult.swift */,
			);
			path = Entities;
			sourceTree = "<group>";
		};
		7B0C2AAB28BD368F00BC95A8 /* Mapping */ = {
			isa = PBXGroup;
			children = (
				7B0C2AAC28BD36B700BC95A8 /* SearchResultsResponseDTO.swift */,
			);
			path = Mapping;
			sourceTree = "<group>";
		};
		7B0C2AAE28BD3B5700BC95A8 /* RepositoryProtocols */ = {
			isa = PBXGroup;
			children = (
				7B0C2AAF28BD3B7000BC95A8 /* SearchResultsRepositoryProtocol.swift */,
				69638E2728BDEDBF005D5E9D /* ArtworkImageRepositoryProtocol.swift */,
			);
			path = RepositoryProtocols;
			sourceTree = "<group>";
		};
		7B0C2AB128BD3BAE00BC95A8 /* Repositories */ = {
			isa = PBXGroup;
			children = (
				7B0C2AB228BD3BBB00BC95A8 /* SearchResultsRepository.swift */,
				69638E2928BDEFC7005D5E9D /* ImagesRepository.swift */,
			);
			path = Repositories;
			sourceTree = "<group>";
		};
		7B0C2AB428BD3CAE00BC95A8 /* Repositories */ = {
			isa = PBXGroup;
			children = (
				7B0C2AB528BD3CBB00BC95A8 /* SearchResultsRepositoryTests.swift */,
			);
			path = Repositories;
			sourceTree = "<group>";
		};
		7B0C2AB928BD413200BC95A8 /* UseCases */ = {
			isa = PBXGroup;
			children = (
				7B0C2ABA28BD414400BC95A8 /* SearchResultsUseCase.swift */,
			);
			path = UseCases;
			sourceTree = "<group>";
		};
		7B0C2ABC28BD416200BC95A8 /* UseCases */ = {
			isa = PBXGroup;
			children = (
				7B0C2ABD28BD416C00BC95A8 /* GetSearchResultsUseCaseTests.swift */,
			);
			path = UseCases;
			sourceTree = "<group>";
		};
		7B0C2AC328BD4E4D00BC95A8 /* SearchList */ = {
			isa = PBXGroup;
			children = (
				7B0C2AC528BD4E6600BC95A8 /* View */,
				7B0C2AC428BD4E5E00BC95A8 /* ViewModel */,
				7B0C2AD928BD7A8600BC95A8 /* Cells */,
			);
			path = SearchList;
			sourceTree = "<group>";
		};
		7B0C2AC428BD4E5E00BC95A8 /* ViewModel */ = {
			isa = PBXGroup;
			children = (
				7B0C2AC128BD4DA600BC95A8 /* SearchListTableViewModel.swift */,
				7B0C2ADE28BD806500BC95A8 /* SearchListItemViewModel.swift */,
			);
			path = ViewModel;
			sourceTree = "<group>";
		};
		7B0C2AC528BD4E6600BC95A8 /* View */ = {
			isa = PBXGroup;
			children = (
				7B3AD93928B7EB0D00B69081 /* SearchListTableViewController.storyboard */,
				7B3AD93728B7EB0D00B69081 /* SearchListTableViewController.swift */,
			);
			path = View;
			sourceTree = "<group>";
		};
		7B0C2AC628BD532D00BC95A8 /* Presentation */ = {
			isa = PBXGroup;
			children = (
				7B0C2AC728BD533400BC95A8 /* SearchScene */,
			);
			path = Presentation;
			sourceTree = "<group>";
		};
		7B0C2AC728BD533400BC95A8 /* SearchScene */ = {
			isa = PBXGroup;
			children = (
				7B0C2AC828BD533B00BC95A8 /* SearchList */,
			);
			path = SearchScene;
			sourceTree = "<group>";
		};
		7B0C2AC828BD533B00BC95A8 /* SearchList */ = {
			isa = PBXGroup;
			children = (
				7B0C2AC928BD534000BC95A8 /* ViewModel */,
			);
			path = SearchList;
			sourceTree = "<group>";
		};
		7B0C2AC928BD534000BC95A8 /* ViewModel */ = {
			isa = PBXGroup;
			children = (
				7B0C2ACA28BD534D00BC95A8 /* SearchListViewModelTests.swift */,
			);
			path = ViewModel;
			sourceTree = "<group>";
		};
		7B0C2ACC28BD591200BC95A8 /* DependencyInjectionContainers */ = {
			isa = PBXGroup;
			children = (
				7B0C2ACD28BD592000BC95A8 /* AppDependencyInjectionContainer.swift */,
				7B0C2AD128BD5C5B00BC95A8 /* SearchSceneDependencyInjectionContainer.swift */,
			);
			path = DependencyInjectionContainers;
			sourceTree = "<group>";
		};
		7B0C2AD328BD5DCD00BC95A8 /* Utils */ = {
			isa = PBXGroup;
			children = (
				7B0C2AD428BD5DD800BC95A8 /* StoryboardInstantiable.swift */,
			);
			path = Utils;
			sourceTree = "<group>";
		};
		7B0C2AD628BD60B700BC95A8 /* Flows */ = {
			isa = PBXGroup;
			children = (
				7B0C2AD728BD60C200BC95A8 /* SearchListFlowCoordinator.swift */,
			);
			path = Flows;
			sourceTree = "<group>";
		};
		7B0C2AD928BD7A8600BC95A8 /* Cells */ = {
			isa = PBXGroup;
			children = (
				7B0C2ADC28BD7AF600BC95A8 /* SearchListItemCell.swift */,
				69638E2528BDE9D8005D5E9D /* SearchListItemCell.xib */,
			);
			path = Cells;
			sourceTree = "<group>";
		};
		7B3AD92728B7EB0D00B69081 = {
			isa = PBXGroup;
			children = (
				7B3AD93228B7EB0D00B69081 /* RESTfulRockTracks */,
				7B0C2A7E28BD290600BC95A8 /* RESTfulRockTracksTests */,
				7B3AD93128B7EB0D00B69081 /* Products */,
			);
			sourceTree = "<group>";
		};
		7B3AD93128B7EB0D00B69081 /* Products */ = {
			isa = PBXGroup;
			children = (
				7B3AD93028B7EB0D00B69081 /* RESTfulRockTracks.app */,
				7B0C2A7D28BD290600BC95A8 /* RESTfulRockTracksTests.xctest */,
			);
			name = Products;
			sourceTree = "<group>";
		};
		7B3AD93228B7EB0D00B69081 /* RESTfulRockTracks */ = {
			isa = PBXGroup;
			children = (
				7B3AD94B28B82D7C00B69081 /* Application */,
				7B3AD94A28B82CDB00B69081 /* Resources */,
				7B3AD94E28B82DE600B69081 /* Presentation */,
				7B3AD94C28B82DC900B69081 /* Domain */,
				7B3AD94D28B82DD600B69081 /* Data */,
			);
			path = RESTfulRockTracks;
			sourceTree = "<group>";
		};
		7B3AD94A28B82CDB00B69081 /* Resources */ = {
			isa = PBXGroup;
			children = (
				7B3AD93F28B7EB0E00B69081 /* Assets.xcassets */,
				7B3AD94128B7EB0E00B69081 /* LaunchScreen.storyboard */,
				7B3AD94428B7EB0E00B69081 /* Info.plist */,
			);
			path = Resources;
			sourceTree = "<group>";
		};
		7B3AD94B28B82D7C00B69081 /* Application */ = {
			isa = PBXGroup;
			children = (
				7B3AD93528B7EB0D00B69081 /* SceneDelegate.swift */,
				7B3AD93328B7EB0D00B69081 /* AppDelegate.swift */,
				7B0C2ACF28BD5B0900BC95A8 /* AppFlowCoordinator.swift */,
				7B0C2ACC28BD591200BC95A8 /* DependencyInjectionContainers */,
			);
			path = Application;
			sourceTree = "<group>";
		};
		7B3AD94C28B82DC900B69081 /* Domain */ = {
			isa = PBXGroup;
			children = (
				7B0C2AA828BD365B00BC95A8 /* Entities */,
				7B0C2AB928BD413200BC95A8 /* UseCases */,
				7B0C2AAE28BD3B5700BC95A8 /* RepositoryProtocols */,
			);
			path = Domain;
			sourceTree = "<group>";
		};
		7B3AD94D28B82DD600B69081 /* Data */ = {
			isa = PBXGroup;
			children = (
				7B0C2AB128BD3BAE00BC95A8 /* Repositories */,
				7B3AD95028B82E8700B69081 /* PersistentStorages */,
				7B0C2A7528BD260700BC95A8 /* Network */,
			);
			path = Data;
			sourceTree = "<group>";
		};
		7B3AD94E28B82DE600B69081 /* Presentation */ = {
			isa = PBXGroup;
			children = (
				7B0C2AD328BD5DCD00BC95A8 /* Utils */,
				7B3AD94F28B82DEE00B69081 /* SearchScene */,
			);
			path = Presentation;
			sourceTree = "<group>";
		};
		7B3AD94F28B82DEE00B69081 /* SearchScene */ = {
			isa = PBXGroup;
			children = (
				7B0C2AD628BD60B700BC95A8 /* Flows */,
				7B0C2AC328BD4E4D00BC95A8 /* SearchList */,
			);
			path = SearchScene;
			sourceTree = "<group>";
		};
		7B3AD95028B82E8700B69081 /* PersistentStorages */ = {
			isa = PBXGroup;
			children = (
				7B3AD95128B82E8E00B69081 /* CoreDataStorage */,
			);
			path = PersistentStorages;
			sourceTree = "<group>";
		};
		7B3AD95128B82E8E00B69081 /* CoreDataStorage */ = {
			isa = PBXGroup;
			children = (
				7B3AD93C28B7EB0D00B69081 /* CoreDataStorage.xcdatamodeld */,
			);
			path = CoreDataStorage;
			sourceTree = "<group>";
		};
/* End PBXGroup section */

/* Begin PBXNativeTarget section */
		7B0C2A7C28BD290600BC95A8 /* RESTfulRockTracksTests */ = {
			isa = PBXNativeTarget;
			buildConfigurationList = 7B0C2A8328BD290600BC95A8 /* Build configuration list for PBXNativeTarget "RESTfulRockTracksTests" */;
			buildPhases = (
				7B0C2A7928BD290600BC95A8 /* Sources */,
				7B0C2A7A28BD290600BC95A8 /* Frameworks */,
				7B0C2A7B28BD290600BC95A8 /* Resources */,
			);
			buildRules = (
			);
			dependencies = (
				7B0C2A8228BD290600BC95A8 /* PBXTargetDependency */,
			);
			name = RESTfulRockTracksTests;
			productName = RESTfulRockTracksTests;
			productReference = 7B0C2A7D28BD290600BC95A8 /* RESTfulRockTracksTests.xctest */;
			productType = "com.apple.product-type.bundle.unit-test";
		};
		7B3AD92F28B7EB0D00B69081 /* RESTfulRockTracks */ = {
			isa = PBXNativeTarget;
			buildConfigurationList = 7B3AD94728B7EB0E00B69081 /* Build configuration list for PBXNativeTarget "RESTfulRockTracks" */;
			buildPhases = (
				7B3AD92C28B7EB0D00B69081 /* Sources */,
				7B3AD92D28B7EB0D00B69081 /* Frameworks */,
				7B3AD92E28B7EB0D00B69081 /* Resources */,
			);
			buildRules = (
			);
			dependencies = (
			);
			name = RESTfulRockTracks;
			productName = RESTfulRockTracks;
			productReference = 7B3AD93028B7EB0D00B69081 /* RESTfulRockTracks.app */;
			productType = "com.apple.product-type.application";
		};
/* End PBXNativeTarget section */

/* Begin PBXProject section */
		7B3AD92828B7EB0D00B69081 /* Project object */ = {
			isa = PBXProject;
			attributes = {
				BuildIndependentTargetsInParallel = 1;
				LastSwiftUpdateCheck = 1340;
				LastUpgradeCheck = 1340;
				TargetAttributes = {
					7B0C2A7C28BD290600BC95A8 = {
						CreatedOnToolsVersion = 13.4.1;
						TestTargetID = 7B3AD92F28B7EB0D00B69081;
					};
					7B3AD92F28B7EB0D00B69081 = {
						CreatedOnToolsVersion = 13.4.1;
					};
				};
			};
			buildConfigurationList = 7B3AD92B28B7EB0D00B69081 /* Build configuration list for PBXProject "RESTfulRockTracks" */;
			compatibilityVersion = "Xcode 13.0";
			developmentRegion = en;
			hasScannedForEncodings = 0;
			knownRegions = (
				en,
				Base,
			);
			mainGroup = 7B3AD92728B7EB0D00B69081;
			productRefGroup = 7B3AD93128B7EB0D00B69081 /* Products */;
			projectDirPath = "";
			projectRoot = "";
			targets = (
				7B3AD92F28B7EB0D00B69081 /* RESTfulRockTracks */,
				7B0C2A7C28BD290600BC95A8 /* RESTfulRockTracksTests */,
			);
		};
/* End PBXProject section */

/* Begin PBXResourcesBuildPhase section */
		7B0C2A7B28BD290600BC95A8 /* Resources */ = {
			isa = PBXResourcesBuildPhase;
			buildActionMask = 2147483647;
			files = (
			);
			runOnlyForDeploymentPostprocessing = 0;
		};
		7B3AD92E28B7EB0D00B69081 /* Resources */ = {
			isa = PBXResourcesBuildPhase;
			buildActionMask = 2147483647;
			files = (
				69638E2628BDE9D8005D5E9D /* SearchListItemCell.xib in Resources */,
				7B3AD94328B7EB0E00B69081 /* LaunchScreen.storyboard in Resources */,
				7B3AD94028B7EB0E00B69081 /* Assets.xcassets in Resources */,
				7B3AD93B28B7EB0D00B69081 /* SearchListTableViewController.storyboard in Resources */,
			);
			runOnlyForDeploymentPostprocessing = 0;
		};
/* End PBXResourcesBuildPhase section */

/* Begin PBXSourcesBuildPhase section */
		7B0C2A7928BD290600BC95A8 /* Sources */ = {
			isa = PBXSourcesBuildPhase;
			buildActionMask = 2147483647;
			files = (
				7B0C2AA528BD309600BC95A8 /* DomainEntityMock.swift in Sources */,
				7B0C2AC028BD423E00BC95A8 /* SearchResultsRepositoryMock.swift in Sources */,
				7B0C2A8E28BD2B3900BC95A8 /* NetworkServiceMock.swift in Sources */,
				7B0C2A8B28BD2B0000BC95A8 /* NetworkRequestPerformerTests.swift in Sources */,
				7B0C2AA728BD310400BC95A8 /* ResponseDTOMock+Mapping.swift in Sources */,
				7B0C2AB628BD3CBB00BC95A8 /* SearchResultsRepositoryTests.swift in Sources */,
				7B0C2AB828BD3D0100BC95A8 /* SearchResultsDataTransferServiceMock.swift in Sources */,
				7B0C2AA128BD2FED00BC95A8 /* DataTransferServiceTests.swift in Sources */,
				7B0C2A8728BD292600BC95A8 /* NetworkServiceTests.swift in Sources */,
				7B0C2A9A28BD2EE800BC95A8 /* ResponseDecoderTests.swift in Sources */,
				7B0C2ACB28BD534D00BC95A8 /* SearchListViewModelTests.swift in Sources */,
				7B0C2ABE28BD416C00BC95A8 /* GetSearchResultsUseCaseTests.swift in Sources */,
				7B0C2A8028BD290600BC95A8 /* RESTfulRockTracksTests.swift in Sources */,
				7B0C2A9028BD2B8100BC95A8 /* NetworkRequestPerformerMock.swift in Sources */,
			);
			runOnlyForDeploymentPostprocessing = 0;
		};
		7B3AD92C28B7EB0D00B69081 /* Sources */ = {
			isa = PBXSourcesBuildPhase;
			buildActionMask = 2147483647;
			files = (
				7B0C2AD028BD5B0900BC95A8 /* AppFlowCoordinator.swift in Sources */,
				7B0C2ACE28BD592000BC95A8 /* AppDependencyInjectionContainer.swift in Sources */,
				7B0C2AB028BD3B7000BC95A8 /* SearchResultsRepositoryProtocol.swift in Sources */,
				7B0C2AD228BD5C5B00BC95A8 /* SearchSceneDependencyInjectionContainer.swift in Sources */,
				7B0C2AD528BD5DD800BC95A8 /* StoryboardInstantiable.swift in Sources */,
				7B0C2A7828BD265700BC95A8 /* NetworkService.swift in Sources */,
				7B3AD93828B7EB0D00B69081 /* SearchListTableViewController.swift in Sources */,
				7B3AD93428B7EB0D00B69081 /* AppDelegate.swift in Sources */,
				7B0C2ADD28BD7AF600BC95A8 /* SearchListItemCell.swift in Sources */,
				7B0C2AD828BD60C200BC95A8 /* SearchListFlowCoordinator.swift in Sources */,
				7B0C2AB328BD3BBB00BC95A8 /* SearchResultsRepository.swift in Sources */,
				7B0C2ADF28BD806500BC95A8 /* SearchListItemViewModel.swift in Sources */,
				7B3AD93E28B7EB0D00B69081 /* CoreDataStorage.xcdatamodeld in Sources */,
				7B0C2AA328BD300000BC95A8 /* DataTransferService.swift in Sources */,
				69638E2A28BDEFC7005D5E9D /* ImagesRepository.swift in Sources */,
				7B0C2AAA28BD366500BC95A8 /* SearchResult.swift in Sources */,
				7B0C2AC228BD4DA600BC95A8 /* SearchListTableViewModel.swift in Sources */,
				69638E2828BDEDBF005D5E9D /* ArtworkImageRepositoryProtocol.swift in Sources */,
				7B0C2A9F28BD2F6F00BC95A8 /* ResponseDecoders.swift in Sources */,
				7B3AD93628B7EB0D00B69081 /* SceneDelegate.swift in Sources */,
				7B0C2AAD28BD36B700BC95A8 /* SearchResultsResponseDTO.swift in Sources */,
				7B0C2A8928BD2A0800BC95A8 /* NetworkRequestPerformer.swift in Sources */,
				7B0C2ABB28BD414400BC95A8 /* SearchResultsUseCase.swift in Sources */,
			);
			runOnlyForDeploymentPostprocessing = 0;
		};
/* End PBXSourcesBuildPhase section */

/* Begin PBXTargetDependency section */
		7B0C2A8228BD290600BC95A8 /* PBXTargetDependency */ = {
			isa = PBXTargetDependency;
			target = 7B3AD92F28B7EB0D00B69081 /* RESTfulRockTracks */;
			targetProxy = 7B0C2A8128BD290600BC95A8 /* PBXContainerItemProxy */;
		};
/* End PBXTargetDependency section */

/* Begin PBXVariantGroup section */
		7B3AD93928B7EB0D00B69081 /* SearchListTableViewController.storyboard */ = {
			isa = PBXVariantGroup;
			children = (
				7B3AD93A28B7EB0D00B69081 /* Base */,
			);
			name = SearchListTableViewController.storyboard;
			sourceTree = "<group>";
		};
		7B3AD94128B7EB0E00B69081 /* LaunchScreen.storyboard */ = {
			isa = PBXVariantGroup;
			children = (
				7B3AD94228B7EB0E00B69081 /* Base */,
			);
			name = LaunchScreen.storyboard;
			sourceTree = "<group>";
		};
/* End PBXVariantGroup section */

/* Begin XCBuildConfiguration section */
		7B0C2A8428BD290600BC95A8 /* Debug */ = {
			isa = XCBuildConfiguration;
			buildSettings = {
				BUNDLE_LOADER = "$(TEST_HOST)";
				CODE_SIGN_STYLE = Automatic;
				CURRENT_PROJECT_VERSION = 1;
				DEVELOPMENT_TEAM = L64SLY6QL8;
				GENERATE_INFOPLIST_FILE = YES;
				MARKETING_VERSION = 1.0;
				PRODUCT_BUNDLE_IDENTIFIER = com.paulrobertwillis.RESTfulRockTracksTests;
				PRODUCT_NAME = "$(TARGET_NAME)";
				SWIFT_EMIT_LOC_STRINGS = NO;
				SWIFT_VERSION = 5.0;
				TARGETED_DEVICE_FAMILY = "1,2";
				TEST_HOST = "$(BUILT_PRODUCTS_DIR)/RESTfulRockTracks.app/RESTfulRockTracks";
			};
			name = Debug;
		};
		7B0C2A8528BD290600BC95A8 /* Release */ = {
			isa = XCBuildConfiguration;
			buildSettings = {
				BUNDLE_LOADER = "$(TEST_HOST)";
				CODE_SIGN_STYLE = Automatic;
				CURRENT_PROJECT_VERSION = 1;
				DEVELOPMENT_TEAM = L64SLY6QL8;
				GENERATE_INFOPLIST_FILE = YES;
				MARKETING_VERSION = 1.0;
				PRODUCT_BUNDLE_IDENTIFIER = com.paulrobertwillis.RESTfulRockTracksTests;
				PRODUCT_NAME = "$(TARGET_NAME)";
				SWIFT_EMIT_LOC_STRINGS = NO;
				SWIFT_VERSION = 5.0;
				TARGETED_DEVICE_FAMILY = "1,2";
				TEST_HOST = "$(BUILT_PRODUCTS_DIR)/RESTfulRockTracks.app/RESTfulRockTracks";
			};
			name = Release;
		};
		7B3AD94528B7EB0E00B69081 /* Debug */ = {
			isa = XCBuildConfiguration;
			buildSettings = {
				ALWAYS_SEARCH_USER_PATHS = NO;
				CLANG_ANALYZER_NONNULL = YES;
				CLANG_ANALYZER_NUMBER_OBJECT_CONVERSION = YES_AGGRESSIVE;
				CLANG_CXX_LANGUAGE_STANDARD = "gnu++17";
				CLANG_ENABLE_MODULES = YES;
				CLANG_ENABLE_OBJC_ARC = YES;
				CLANG_ENABLE_OBJC_WEAK = YES;
				CLANG_WARN_BLOCK_CAPTURE_AUTORELEASING = YES;
				CLANG_WARN_BOOL_CONVERSION = YES;
				CLANG_WARN_COMMA = YES;
				CLANG_WARN_CONSTANT_CONVERSION = YES;
				CLANG_WARN_DEPRECATED_OBJC_IMPLEMENTATIONS = YES;
				CLANG_WARN_DIRECT_OBJC_ISA_USAGE = YES_ERROR;
				CLANG_WARN_DOCUMENTATION_COMMENTS = YES;
				CLANG_WARN_EMPTY_BODY = YES;
				CLANG_WARN_ENUM_CONVERSION = YES;
				CLANG_WARN_INFINITE_RECURSION = YES;
				CLANG_WARN_INT_CONVERSION = YES;
				CLANG_WARN_NON_LITERAL_NULL_CONVERSION = YES;
				CLANG_WARN_OBJC_IMPLICIT_RETAIN_SELF = YES;
				CLANG_WARN_OBJC_LITERAL_CONVERSION = YES;
				CLANG_WARN_OBJC_ROOT_CLASS = YES_ERROR;
				CLANG_WARN_QUOTED_INCLUDE_IN_FRAMEWORK_HEADER = YES;
				CLANG_WARN_RANGE_LOOP_ANALYSIS = YES;
				CLANG_WARN_STRICT_PROTOTYPES = YES;
				CLANG_WARN_SUSPICIOUS_MOVE = YES;
				CLANG_WARN_UNGUARDED_AVAILABILITY = YES_AGGRESSIVE;
				CLANG_WARN_UNREACHABLE_CODE = YES;
				CLANG_WARN__DUPLICATE_METHOD_MATCH = YES;
				COPY_PHASE_STRIP = NO;
				DEBUG_INFORMATION_FORMAT = dwarf;
				ENABLE_STRICT_OBJC_MSGSEND = YES;
				ENABLE_TESTABILITY = YES;
				GCC_C_LANGUAGE_STANDARD = gnu11;
				GCC_DYNAMIC_NO_PIC = NO;
				GCC_NO_COMMON_BLOCKS = YES;
				GCC_OPTIMIZATION_LEVEL = 0;
				GCC_PREPROCESSOR_DEFINITIONS = (
					"DEBUG=1",
					"$(inherited)",
				);
				GCC_WARN_64_TO_32_BIT_CONVERSION = YES;
				GCC_WARN_ABOUT_RETURN_TYPE = YES_ERROR;
				GCC_WARN_UNDECLARED_SELECTOR = YES;
				GCC_WARN_UNINITIALIZED_AUTOS = YES_AGGRESSIVE;
				GCC_WARN_UNUSED_FUNCTION = YES;
				GCC_WARN_UNUSED_VARIABLE = YES;
				IPHONEOS_DEPLOYMENT_TARGET = 15.5;
				MTL_ENABLE_DEBUG_INFO = INCLUDE_SOURCE;
				MTL_FAST_MATH = YES;
				ONLY_ACTIVE_ARCH = YES;
				SDKROOT = iphoneos;
				SWIFT_ACTIVE_COMPILATION_CONDITIONS = DEBUG;
				SWIFT_OPTIMIZATION_LEVEL = "-Onone";
			};
			name = Debug;
		};
		7B3AD94628B7EB0E00B69081 /* Release */ = {
			isa = XCBuildConfiguration;
			buildSettings = {
				ALWAYS_SEARCH_USER_PATHS = NO;
				CLANG_ANALYZER_NONNULL = YES;
				CLANG_ANALYZER_NUMBER_OBJECT_CONVERSION = YES_AGGRESSIVE;
				CLANG_CXX_LANGUAGE_STANDARD = "gnu++17";
				CLANG_ENABLE_MODULES = YES;
				CLANG_ENABLE_OBJC_ARC = YES;
				CLANG_ENABLE_OBJC_WEAK = YES;
				CLANG_WARN_BLOCK_CAPTURE_AUTORELEASING = YES;
				CLANG_WARN_BOOL_CONVERSION = YES;
				CLANG_WARN_COMMA = YES;
				CLANG_WARN_CONSTANT_CONVERSION = YES;
				CLANG_WARN_DEPRECATED_OBJC_IMPLEMENTATIONS = YES;
				CLANG_WARN_DIRECT_OBJC_ISA_USAGE = YES_ERROR;
				CLANG_WARN_DOCUMENTATION_COMMENTS = YES;
				CLANG_WARN_EMPTY_BODY = YES;
				CLANG_WARN_ENUM_CONVERSION = YES;
				CLANG_WARN_INFINITE_RECURSION = YES;
				CLANG_WARN_INT_CONVERSION = YES;
				CLANG_WARN_NON_LITERAL_NULL_CONVERSION = YES;
				CLANG_WARN_OBJC_IMPLICIT_RETAIN_SELF = YES;
				CLANG_WARN_OBJC_LITERAL_CONVERSION = YES;
				CLANG_WARN_OBJC_ROOT_CLASS = YES_ERROR;
				CLANG_WARN_QUOTED_INCLUDE_IN_FRAMEWORK_HEADER = YES;
				CLANG_WARN_RANGE_LOOP_ANALYSIS = YES;
				CLANG_WARN_STRICT_PROTOTYPES = YES;
				CLANG_WARN_SUSPICIOUS_MOVE = YES;
				CLANG_WARN_UNGUARDED_AVAILABILITY = YES_AGGRESSIVE;
				CLANG_WARN_UNREACHABLE_CODE = YES;
				CLANG_WARN__DUPLICATE_METHOD_MATCH = YES;
				COPY_PHASE_STRIP = NO;
				DEBUG_INFORMATION_FORMAT = "dwarf-with-dsym";
				ENABLE_NS_ASSERTIONS = NO;
				ENABLE_STRICT_OBJC_MSGSEND = YES;
				GCC_C_LANGUAGE_STANDARD = gnu11;
				GCC_NO_COMMON_BLOCKS = YES;
				GCC_WARN_64_TO_32_BIT_CONVERSION = YES;
				GCC_WARN_ABOUT_RETURN_TYPE = YES_ERROR;
				GCC_WARN_UNDECLARED_SELECTOR = YES;
				GCC_WARN_UNINITIALIZED_AUTOS = YES_AGGRESSIVE;
				GCC_WARN_UNUSED_FUNCTION = YES;
				GCC_WARN_UNUSED_VARIABLE = YES;
				IPHONEOS_DEPLOYMENT_TARGET = 15.5;
				MTL_ENABLE_DEBUG_INFO = NO;
				MTL_FAST_MATH = YES;
				SDKROOT = iphoneos;
				SWIFT_COMPILATION_MODE = wholemodule;
				SWIFT_OPTIMIZATION_LEVEL = "-O";
				VALIDATE_PRODUCT = YES;
			};
			name = Release;
		};
		7B3AD94828B7EB0E00B69081 /* Debug */ = {
			isa = XCBuildConfiguration;
			buildSettings = {
				ASSETCATALOG_COMPILER_APPICON_NAME = AppIcon;
				ASSETCATALOG_COMPILER_GLOBAL_ACCENT_COLOR_NAME = AccentColor;
				CODE_SIGN_STYLE = Automatic;
				CURRENT_PROJECT_VERSION = 1;
				DEVELOPMENT_TEAM = L64SLY6QL8;
				GENERATE_INFOPLIST_FILE = YES;
				INFOPLIST_FILE = RESTfulRockTracks/Resources/Info.plist;
				INFOPLIST_KEY_UIApplicationSupportsIndirectInputEvents = YES;
				INFOPLIST_KEY_UILaunchStoryboardName = LaunchScreen;
				INFOPLIST_KEY_UIMainStoryboardFile = "";
				INFOPLIST_KEY_UISupportedInterfaceOrientations_iPad = "UIInterfaceOrientationPortrait UIInterfaceOrientationPortraitUpsideDown UIInterfaceOrientationLandscapeLeft UIInterfaceOrientationLandscapeRight";
				INFOPLIST_KEY_UISupportedInterfaceOrientations_iPhone = "UIInterfaceOrientationPortrait UIInterfaceOrientationLandscapeLeft UIInterfaceOrientationLandscapeRight";
				LD_RUNPATH_SEARCH_PATHS = (
					"$(inherited)",
					"@executable_path/Frameworks",
				);
				MARKETING_VERSION = 1.0;
				PRODUCT_BUNDLE_IDENTIFIER = com.paulrobertwillis.RESTfulRockTracks;
				PRODUCT_NAME = "$(TARGET_NAME)";
				SWIFT_EMIT_LOC_STRINGS = YES;
				SWIFT_VERSION = 5.0;
				TARGETED_DEVICE_FAMILY = "1,2";
			};
			name = Debug;
		};
		7B3AD94928B7EB0E00B69081 /* Release */ = {
			isa = XCBuildConfiguration;
			buildSettings = {
				ASSETCATALOG_COMPILER_APPICON_NAME = AppIcon;
				ASSETCATALOG_COMPILER_GLOBAL_ACCENT_COLOR_NAME = AccentColor;
				CODE_SIGN_STYLE = Automatic;
				CURRENT_PROJECT_VERSION = 1;
				DEVELOPMENT_TEAM = L64SLY6QL8;
				GENERATE_INFOPLIST_FILE = YES;
				INFOPLIST_FILE = RESTfulRockTracks/Resources/Info.plist;
				INFOPLIST_KEY_UIApplicationSupportsIndirectInputEvents = YES;
				INFOPLIST_KEY_UILaunchStoryboardName = LaunchScreen;
				INFOPLIST_KEY_UIMainStoryboardFile = "";
				INFOPLIST_KEY_UISupportedInterfaceOrientations_iPad = "UIInterfaceOrientationPortrait UIInterfaceOrientationPortraitUpsideDown UIInterfaceOrientationLandscapeLeft UIInterfaceOrientationLandscapeRight";
				INFOPLIST_KEY_UISupportedInterfaceOrientations_iPhone = "UIInterfaceOrientationPortrait UIInterfaceOrientationLandscapeLeft UIInterfaceOrientationLandscapeRight";
				LD_RUNPATH_SEARCH_PATHS = (
					"$(inherited)",
					"@executable_path/Frameworks",
				);
				MARKETING_VERSION = 1.0;
				PRODUCT_BUNDLE_IDENTIFIER = com.paulrobertwillis.RESTfulRockTracks;
				PRODUCT_NAME = "$(TARGET_NAME)";
				SWIFT_EMIT_LOC_STRINGS = YES;
				SWIFT_VERSION = 5.0;
				TARGETED_DEVICE_FAMILY = "1,2";
			};
			name = Release;
		};
/* End XCBuildConfiguration section */

/* Begin XCConfigurationList section */
		7B0C2A8328BD290600BC95A8 /* Build configuration list for PBXNativeTarget "RESTfulRockTracksTests" */ = {
			isa = XCConfigurationList;
			buildConfigurations = (
				7B0C2A8428BD290600BC95A8 /* Debug */,
				7B0C2A8528BD290600BC95A8 /* Release */,
			);
			defaultConfigurationIsVisible = 0;
			defaultConfigurationName = Release;
		};
		7B3AD92B28B7EB0D00B69081 /* Build configuration list for PBXProject "RESTfulRockTracks" */ = {
			isa = XCConfigurationList;
			buildConfigurations = (
				7B3AD94528B7EB0E00B69081 /* Debug */,
				7B3AD94628B7EB0E00B69081 /* Release */,
			);
			defaultConfigurationIsVisible = 0;
			defaultConfigurationName = Release;
		};
		7B3AD94728B7EB0E00B69081 /* Build configuration list for PBXNativeTarget "RESTfulRockTracks" */ = {
			isa = XCConfigurationList;
			buildConfigurations = (
				7B3AD94828B7EB0E00B69081 /* Debug */,
				7B3AD94928B7EB0E00B69081 /* Release */,
			);
			defaultConfigurationIsVisible = 0;
			defaultConfigurationName = Release;
		};
/* End XCConfigurationList section */

/* Begin XCVersionGroup section */
		7B3AD93C28B7EB0D00B69081 /* CoreDataStorage.xcdatamodeld */ = {
			isa = XCVersionGroup;
			children = (
				7B3AD93D28B7EB0D00B69081 /* RESTfulRockTracks.xcdatamodel */,
			);
			currentVersion = 7B3AD93D28B7EB0D00B69081 /* RESTfulRockTracks.xcdatamodel */;
			path = CoreDataStorage.xcdatamodeld;
			sourceTree = "<group>";
			versionGroupType = wrapper.xcdatamodel;
		};
/* End XCVersionGroup section */
	};
	rootObject = 7B3AD92828B7EB0D00B69081 /* Project object */;
}
